<?xml version="1.0" encoding="UTF-8" standalone="yes" ?>
<CodeBlocks_project_file>
	<FileVersion major="1" minor="6" />
	<Project>
		<Option title="FluidSnake" />
		<Option pch_mode="2" />
		<Option compiler="gcc" />
		<Build>
			<Target title="Debug">
				<Option output="bin/Debug/FluidSnake" prefix_auto="1" extension_auto="1" />
				<Option object_output="obj/Debug/" />
				<Option type="1" />
				<Option compiler="gcc" />
				<Compiler>
					<Add option="-g" />
					<Add directory="/home/hossain/SFML-2.6.1/include" />
				</Compiler>
				<Linker>
					<Add library="sfml-graphics" />
					<Add library="sfml-audio" />
					<Add library="sfml-window" />
					<Add library="sfml-network" />
					<Add library="sfml-system" />
					<Add directory="/home/hossain/SFML-2.6.1/lib" />
				</Linker>
			</Target>
			<Target title="Release">
				<Option output="bin/Release/FluidSnake" prefix_auto="1" extension_auto="1" />
				<Option object_output="obj/Release/" />
				<Option type="1" />
				<Option compiler="gcc" />
				<Compiler>
					<Add option="-O2" />
				</Compiler>
				<Linker>
					<Add option="-s" />
				</Linker>
			</Target>
		</Build>
		<Compiler>
			<Add option="-Wall" />
			<Add option="-fexceptions" />
		</Compiler>
		<Unit filename="EventProvider.cpp" />
		<Unit filename="EventProvider.h" />
		<Unit filename="GameAction.h" />
		<Unit filename="GameObjects.h" />
		<Unit filename="GameSound.cpp" />
		<Unit filename="GameSound.h" />
		<Unit filename="GameWorld.cpp" />
		<Unit filename="GameWorld.h" />
		<Unit filename="PlayerInputs.cpp" />
		<Unit filename="PlayerInputs.h" />
		<Unit filename="ReplayInputs.cpp" />
		<Unit filename="ReplayInputs.h" />
		<Unit filename="Snake.cpp" />
		<Unit filename="Snake.h" />
		<Unit filename="Wave.h" />
		<Unit filename="main.cpp" />
		<Extensions />
	</Project>
</CodeBlocks_project_file>
